
Microsoft Visual Studio Solution File, Format Version 12.00
# Visual Studio Version 17
VisualStudioVersion = 17.2.32630.192
MinimumVisualStudioVersion = 10.0.40219.1
Project("{FAE04EC0-301F-11D3-BF4B-00C04F79EFBC}") = "APP", "APP\APP.csproj", "{951F1D78-42E2-4650-88FC-6D53A27001CF}"
EndProject
Project("{2150E333-8FDC-42A3-9474-1A3956D46DE8}") = "1-Web", "1-Web", "{5925BC84-3EBF-4E75-8934-00D19CA4B673}"
EndProject
Project("{2150E333-8FDC-42A3-9474-1A3956D46DE8}") = "2-Application", "2-Application", "{C0FA0EF2-34E6-4373-AED3-D59C53FC0D7F}"
EndProject
Project("{2150E333-8FDC-42A3-9474-1A3956D46DE8}") = "3-Domain", "3-Domain", "{1B0418FF-010E-4E4F-B5A0-B13CCB5148B2}"
EndProject
Project("{2150E333-8FDC-42A3-9474-1A3956D46DE8}") = "4-Infra", "4-Infra", "{3DB6DAE5-292F-40C6-AAED-3441766BF3C3}"
EndProject
Project("{FAE04EC0-301F-11D3-BF4B-00C04F79EFBC}") = "App.Application", "App.Application\App.Application.csproj", "{070044ED-1FB3-4DB1-BDE5-FBD73A57EE5B}"
EndProject
Project("{FAE04EC0-301F-11D3-BF4B-00C04F79EFBC}") = "App.Domain", "App.Domain\App.Domain.csproj", "{28C5B072-97BF-460C-AB8C-6D75EEC91D92}"
EndProject
Project("{2150E333-8FDC-42A3-9474-1A3956D46DE8}") = "4.1-Data", "4.1-Data", "{D2675275-3324-4C55-B248-0930E8080A7E}"
EndProject
Project("{2150E333-8FDC-42A3-9474-1A3956D46DE8}") = "4.2-CrossCutting", "4.2-CrossCutting", "{19F910C7-4943-41B1-ABDC-F1B6614A39B1}"
EndProject
Project("{FAE04EC0-301F-11D3-BF4B-00C04F79EFBC}") = "App.Data", "App.Data\App.Data.csproj", "{F401D274-493B-4B07-B019-6C76CCEF220B}"
EndProject
Global
	GlobalSection(SolutionConfigurationPlatforms) = preSolution
		Debug|Any CPU = Debug|Any CPU
		Release|Any CPU = Release|Any CPU
	EndGlobalSection
	GlobalSection(ProjectConfigurationPlatforms) = postSolution
		{951F1D78-42E2-4650-88FC-6D53A27001CF}.Debug|Any CPU.ActiveCfg = Debug|Any CPU
		{951F1D78-42E2-4650-88FC-6D53A27001CF}.Debug|Any CPU.Build.0 = Debug|Any CPU
		{951F1D78-42E2-4650-88FC-6D53A27001CF}.Release|Any CPU.ActiveCfg = Release|Any CPU
		{951F1D78-42E2-4650-88FC-6D53A27001CF}.Release|Any CPU.Build.0 = Release|Any CPU
		{070044ED-1FB3-4DB1-BDE5-FBD73A57EE5B}.Debug|Any CPU.ActiveCfg = Debug|Any CPU
		{070044ED-1FB3-4DB1-BDE5-FBD73A57EE5B}.Debug|Any CPU.Build.0 = Debug|Any CPU
		{070044ED-1FB3-4DB1-BDE5-FBD73A57EE5B}.Release|Any CPU.ActiveCfg = Release|Any CPU
		{070044ED-1FB3-4DB1-BDE5-FBD73A57EE5B}.Release|Any CPU.Build.0 = Release|Any CPU
		{28C5B072-97BF-460C-AB8C-6D75EEC91D92}.Debug|Any CPU.ActiveCfg = Debug|Any CPU
		{28C5B072-97BF-460C-AB8C-6D75EEC91D92}.Debug|Any CPU.Build.0 = Debug|Any CPU
		{28C5B072-97BF-460C-AB8C-6D75EEC91D92}.Release|Any CPU.ActiveCfg = Release|Any CPU
		{28C5B072-97BF-460C-AB8C-6D75EEC91D92}.Release|Any CPU.Build.0 = Release|Any CPU
		{F401D274-493B-4B07-B019-6C76CCEF220B}.Debug|Any CPU.ActiveCfg = Debug|Any CPU
		{F401D274-493B-4B07-B019-6C76CCEF220B}.Debug|Any CPU.Build.0 = Debug|Any CPU
		{F401D274-493B-4B07-B019-6C76CCEF220B}.Release|Any CPU.ActiveCfg = Release|Any CPU
		{F401D274-493B-4B07-B019-6C76CCEF220B}.Release|Any CPU.Build.0 = Release|Any CPU
	EndGlobalSection
	GlobalSection(SolutionProperties) = preSolution
		HideSolutionNode = FALSE
	EndGlobalSection
	GlobalSection(NestedProjects) = preSolution
		{951F1D78-42E2-4650-88FC-6D53A27001CF} = {5925BC84-3EBF-4E75-8934-00D19CA4B673}
		{070044ED-1FB3-4DB1-BDE5-FBD73A57EE5B} = {C0FA0EF2-34E6-4373-AED3-D59C53FC0D7F}
		{28C5B072-97BF-460C-AB8C-6D75EEC91D92} = {1B0418FF-010E-4E4F-B5A0-B13CCB5148B2}
		{D2675275-3324-4C55-B248-0930E8080A7E} = {3DB6DAE5-292F-40C6-AAED-3441766BF3C3}
		{19F910C7-4943-41B1-ABDC-F1B6614A39B1} = {3DB6DAE5-292F-40C6-AAED-3441766BF3C3}
		{F401D274-493B-4B07-B019-6C76CCEF220B} = {D2675275-3324-4C55-B248-0930E8080A7E}
	EndGlobalSection
	GlobalSection(ExtensibilityGlobals) = postSolution
		SolutionGuid = {C9D21A79-E56B-4CF9-B5A1-F09B253AEA02}
	EndGlobalSection
EndGlobal
